// !$*UTF8*$!
{
	archiveVersion = 1;
	classes = {
	};
	objectVersion = 56;
	objects = {

/* Begin PBXBuildFile section */
		0B95D8EB2BAE97D500906F7B /* RealityKitContent in Frameworks */ = {isa = PBXBuildFile; productRef = 0B95D8EA2BAE97D500906F7B /* RealityKitContent */; };
		0B95D8ED2BAE97D500906F7B /* VisionOS_Spline_VolumeApp.swift in Sources */ = {isa = PBXBuildFile; fileRef = 0B95D8EC2BAE97D500906F7B /* VisionOS_Spline_VolumeApp.swift */; };
		0B95D8EF2BAE97D500906F7B /* ContentView.swift in Sources */ = {isa = PBXBuildFile; fileRef = 0B95D8EE2BAE97D500906F7B /* ContentView.swift */; };
		0B95D8F12BAE97D600906F7B /* Assets.xcassets in Resources */ = {isa = PBXBuildFile; fileRef = 0B95D8F02BAE97D600906F7B /* Assets.xcassets */; };
		0B95D8F42BAE97D600906F7B /* Preview Assets.xcassets in Resources */ = {isa = PBXBuildFile; fileRef = 0B95D8F32BAE97D600906F7B /* Preview Assets.xcassets */; };
		0B95D8FD2BAE996C00906F7B /* SplineRuntime in Frameworks */ = {isa = PBXBuildFile; productRef = 0B95D8FC2BAE996C00906F7B /* SplineRuntime */; };
/* End PBXBuildFile section */

/* Begin PBXFileReference section */
		0B95D8E52BAE97D500906F7B /* VisionOS_Spline_Volume.app */ = {isa = PBXFileReference; explicitFileType = wrapper.application; includeInIndex = 0; path = VisionOS_Spline_Volume.app; sourceTree = BUILT_PRODUCTS_DIR; };
		0B95D8E92BAE97D500906F7B /* RealityKitContent */ = {isa = PBXFileReference; lastKnownFileType = wrapper; path = RealityKitContent; sourceTree = "<group>"; };
		0B95D8EC2BAE97D500906F7B /* VisionOS_Spline_VolumeApp.swift */ = {isa = PBXFileReference; lastKnownFileType = sourcecode.swift; path = VisionOS_Spline_VolumeApp.swift; sourceTree = "<group>"; };
		0B95D8EE2BAE97D500906F7B /* ContentView.swift */ = {isa = PBXFileReference; lastKnownFileType = sourcecode.swift; path = ContentView.swift; sourceTree = "<group>"; };
		0B95D8F02BAE97D600906F7B /* Assets.xcassets */ = {isa = PBXFileReference; lastKnownFileType = folder.assetcatalog; path = Assets.xcassets; sourceTree = "<group>"; };
		0B95D8F32BAE97D600906F7B /* Preview Assets.xcassets */ = {isa = PBXFileReference; lastKnownFileType = folder.assetcatalog; path = "Preview Assets.xcassets"; sourceTree = "<group>"; };
		0B95D8F52BAE97D600906F7B /* Info.plist */ = {isa = PBXFileReference; lastKnownFileType = text.plist.xml; path = Info.plist; sourceTree = "<group>"; };
/* End PBXFileReference section */

/* Begin PBXFrameworksBuildPhase section */
		0B95D8E22BAE97D500906F7B /* Frameworks */ = {
			isa = PBXFrameworksBuildPhase;
			buildActionMask = 2147483647;
			files = (
				0B95D8FD2BAE996C00906F7B /* SplineRuntime in Frameworks */,
				0B95D8EB2BAE97D500906F7B /* RealityKitContent in Frameworks */,
			);
			runOnlyForDeploymentPostprocessing = 0;
		};
/* End PBXFrameworksBuildPhase section */

/* Begin PBXGroup section */
		0B95D8DC2BAE97D500906F7B = {
			isa = PBXGroup;
			children = (
				0B95D8E72BAE97D500906F7B /* VisionOS_Spline_Volume */,
				0B95D8E82BAE97D500906F7B /* Packages */,
				0B95D8E62BAE97D500906F7B /* Products */,
			);
			sourceTree = "<group>";
		};
		0B95D8E62BAE97D500906F7B /* Products */ = {
			isa = PBXGroup;
			children = (
				0B95D8E52BAE97D500906F7B /* VisionOS_Spline_Volume.app */,
			);
			name = Products;
			sourceTree = "<group>";
		};
		0B95D8E72BAE97D500906F7B /* VisionOS_Spline_Volume */ = {
			isa = PBXGroup;
			children = (
				0B95D8EC2BAE97D500906F7B /* VisionOS_Spline_VolumeApp.swift */,
				0B95D8EE2BAE97D500906F7B /* ContentView.swift */,
				0B95D8F02BAE97D600906F7B /* Assets.xcassets */,
				0B95D8F52BAE97D600906F7B /* Info.plist */,
				0B95D8F22BAE97D600906F7B /* Preview Content */,
			);
			path = VisionOS_Spline_Volume;
			sourceTree = "<group>";
		};
		0B95D8E82BAE97D500906F7B /* Packages */ = {
			isa = PBXGroup;
			children = (
				0B95D8E92BAE97D500906F7B /* RealityKitContent */,
			);
			path = Packages;
			sourceTree = "<group>";
		};
		0B95D8F22BAE97D600906F7B /* Preview Content */ = {
			isa = PBXGroup;
			children = (
				0B95D8F32BAE97D600906F7B /* Preview Assets.xcassets */,
			);
			path = "Preview Content";
			sourceTree = "<group>";
		};
/* End PBXGroup section */

/* Begin PBXNativeTarget section */
		0B95D8E42BAE97D500906F7B /* VisionOS_Spline_Volume */ = {
			isa = PBXNativeTarget;
			buildConfigurationList = 0B95D8F82BAE97D600906F7B /* Build configuration list for PBXNativeTarget "VisionOS_Spline_Volume" */;
			buildPhases = (
				0B95D8E12BAE97D500906F7B /* Sources */,
				0B95D8E22BAE97D500906F7B /* Frameworks */,
				0B95D8E32BAE97D500906F7B /* Resources */,
			);
			buildRules = (
			);
			dependencies = (
			);
			name = VisionOS_Spline_Volume;
			packageProductDependencies = (
				0B95D8EA2BAE97D500906F7B /* RealityKitContent */,
				0B95D8FC2BAE996C00906F7B /* SplineRuntime */,
			);
			productName = VisionOS_Spline_Volume;
			productReference = 0B95D8E52BAE97D500906F7B /* VisionOS_Spline_Volume.app */;
			productType = "com.apple.product-type.application";
		};
/* End PBXNativeTarget section */

/* Begin PBXProject section */
		0B95D8DD2BAE97D500906F7B /* Project object */ = {
			isa = PBXProject;
			attributes = {
				BuildIndependentTargetsInParallel = 1;
				LastSwiftUpdateCheck = 1530;
				LastUpgradeCheck = 1530;
				TargetAttributes = {
					0B95D8E42BAE97D500906F7B = {
						CreatedOnToolsVersion = 15.3;
					};
				};
			};
			buildConfigurationList = 0B95D8E02BAE97D500906F7B /* Build configuration list for PBXProject "VisionOS_Spline_Volume" */;
			compatibilityVersion = "Xcode 14.0";
			developmentRegion = en;
			hasScannedForEncodings = 0;
			knownRegions = (
				en,
				Base,
			);
			mainGroup = 0B95D8DC2BAE97D500906F7B;
			packageReferences = (
				0B95D8FB2BAE996C00906F7B /* XCRemoteSwiftPackageReference "spline-ios" */,
			);
			productRefGroup = 0B95D8E62BAE97D500906F7B /* Products */;
			projectDirPath = "";
			projectRoot = "";
			targets = (
				0B95D8E42BAE97D500906F7B /* VisionOS_Spline_Volume */,
			);
		};
/* End PBXProject section */

/* Begin PBXResourcesBuildPhase section */
		0B95D8E32BAE97D500906F7B /* Resources */ = {
			isa = PBXResourcesBuildPhase;
			buildActionMask = 2147483647;
			files = (
				0B95D8F42BAE97D600906F7B /* Preview Assets.xcassets in Resources */,
				0B95D8F12BAE97D600906F7B /* Assets.xcassets in Resources */,
			);
			runOnlyForDeploymentPostprocessing = 0;
		};
/* End PBXResourcesBuildPhase section */

/* Begin PBXSourcesBuildPhase section */
		0B95D8E12BAE97D500906F7B /* Sources */ = {
			isa = PBXSourcesBuildPhase;
			buildActionMask = 2147483647;
			files = (
				0B95D8EF2BAE97D500906F7B /* ContentView.swift in Sources */,
				0B95D8ED2BAE97D500906F7B /* VisionOS_Spline_VolumeApp.swift in Sources */,
			);
			runOnlyForDeploymentPostprocessing = 0;
		};
/* End PBXSourcesBuildPhase section */

/* Begin XCBuildConfiguration section */
		0B95D8F62BAE97D600906F7B /* Debug */ = {
			isa = XCBuildConfiguration;
			buildSettings = {
				ALWAYS_SEARCH_USER_PATHS = NO;
				ASSETCATALOG_COMPILER_GENERATE_SWIFT_ASSET_SYMBOL_EXTENSIONS = YES;
				CLANG_ANALYZER_NONNULL = YES;
				CLANG_ANALYZER_NUMBER_OBJECT_CONVERSION = YES_AGGRESSIVE;
				CLANG_CXX_LANGUAGE_STANDARD = "gnu++20";
				CLANG_ENABLE_MODULES = YES;
				CLANG_ENABLE_OBJC_ARC = YES;
				CLANG_ENABLE_OBJC_WEAK = YES;
				CLANG_WARN_BLOCK_CAPTURE_AUTORELEASING = YES;
				CLANG_WARN_BOOL_CONVERSION = YES;
				CLANG_WARN_COMMA = YES;
				CLANG_WARN_CONSTANT_CONVERSION = YES;
				CLANG_WARN_DEPRECATED_OBJC_IMPLEMENTATIONS = YES;
				CLANG_WARN_DIRECT_OBJC_ISA_USAGE = YES_ERROR;
				CLANG_WARN_DOCUMENTATION_COMMENTS = YES;
				CLANG_WARN_EMPTY_BODY = YES;
				CLANG_WARN_ENUM_CONVERSION = YES;
				CLANG_WARN_INFINITE_RECURSION = YES;
				CLANG_WARN_INT_CONVERSION = YES;
				CLANG_WARN_NON_LITERAL_NULL_CONVERSION = YES;
				CLANG_WARN_OBJC_IMPLICIT_RETAIN_SELF = YES;
				CLANG_WARN_OBJC_LITERAL_CONVERSION = YES;
				CLANG_WARN_OBJC_ROOT_CLASS = YES_ERROR;
				CLANG_WARN_QUOTED_INCLUDE_IN_FRAMEWORK_HEADER = YES;
				CLANG_WARN_RANGE_LOOP_ANALYSIS = YES;
				CLANG_WARN_STRICT_PROTOTYPES = YES;
				CLANG_WARN_SUSPICIOUS_MOVE = YES;
				CLANG_WARN_UNGUARDED_AVAILABILITY = YES_AGGRESSIVE;
				CLANG_WARN_UNREACHABLE_CODE = YES;
				CLANG_WARN__DUPLICATE_METHOD_MATCH = YES;
				COPY_PHASE_STRIP = NO;
				DEBUG_INFORMATION_FORMAT = dwarf;
				ENABLE_STRICT_OBJC_MSGSEND = YES;
				ENABLE_TESTABILITY = YES;
				ENABLE_USER_SCRIPT_SANDBOXING = YES;
				GCC_C_LANGUAGE_STANDARD = gnu17;
				GCC_DYNAMIC_NO_PIC = NO;
				GCC_NO_COMMON_BLOCKS = YES;
				GCC_OPTIMIZATION_LEVEL = 0;
				GCC_PREPROCESSOR_DEFINITIONS = (
					"DEBUG=1",
					"$(inherited)",
				);
				GCC_WARN_64_TO_32_BIT_CONVERSION = YES;
				GCC_WARN_ABOUT_RETURN_TYPE = YES_ERROR;
				GCC_WARN_UNDECLARED_SELECTOR = YES;
				GCC_WARN_UNINITIALIZED_AUTOS = YES_AGGRESSIVE;
				GCC_WARN_UNUSED_FUNCTION = YES;
				GCC_WARN_UNUSED_VARIABLE = YES;
				LOCALIZATION_PREFERS_STRING_CATALOGS = YES;
				MTL_ENABLE_DEBUG_INFO = INCLUDE_SOURCE;
				MTL_FAST_MATH = YES;
				ONLY_ACTIVE_ARCH = YES;
				SDKROOT = xros;
				SWIFT_ACTIVE_COMPILATION_CONDITIONS = "DEBUG $(inherited)";
				SWIFT_OPTIMIZATION_LEVEL = "-Onone";
				XROS_DEPLOYMENT_TARGET = 1.1;
			};
			name = Debug;
		};
		0B95D8F72BAE97D600906F7B /* Release */ = {
			isa = XCBuildConfiguration;
			buildSettings = {
				ALWAYS_SEARCH_USER_PATHS = NO;
				ASSETCATALOG_COMPILER_GENERATE_SWIFT_ASSET_SYMBOL_EXTENSIONS = YES;
				CLANG_ANALYZER_NONNULL = YES;
				CLANG_ANALYZER_NUMBER_OBJECT_CONVERSION = YES_AGGRESSIVE;
				CLANG_CXX_LANGUAGE_STANDARD = "gnu++20";
				CLANG_ENABLE_MODULES = YES;
				CLANG_ENABLE_OBJC_ARC = YES;
				CLANG_ENABLE_OBJC_WEAK = YES;
				CLANG_WARN_BLOCK_CAPTURE_AUTORELEASING = YES;
				CLANG_WARN_BOOL_CONVERSION = YES;
				CLANG_WARN_COMMA = YES;
				CLANG_WARN_CONSTANT_CONVERSION = YES;
				CLANG_WARN_DEPRECATED_OBJC_IMPLEMENTATIONS = YES;
				CLANG_WARN_DIRECT_OBJC_ISA_USAGE = YES_ERROR;
				CLANG_WARN_DOCUMENTATION_COMMENTS = YES;
				CLANG_WARN_EMPTY_BODY = YES;
				CLANG_WARN_ENUM_CONVERSION = YES;
				CLANG_WARN_INFINITE_RECURSION = YES;
				CLANG_WARN_INT_CONVERSION = YES;
				CLANG_WARN_NON_LITERAL_NULL_CONVERSION = YES;
				CLANG_WARN_OBJC_IMPLICIT_RETAIN_SELF = YES;
				CLANG_WARN_OBJC_LITERAL_CONVERSION = YES;
				CLANG_WARN_OBJC_ROOT_CLASS = YES_ERROR;
				CLANG_WARN_QUOTED_INCLUDE_IN_FRAMEWORK_HEADER = YES;
				CLANG_WARN_RANGE_LOOP_ANALYSIS = YES;
				CLANG_WARN_STRICT_PROTOTYPES = YES;
				CLANG_WARN_SUSPICIOUS_MOVE = YES;
				CLANG_WARN_UNGUARDED_AVAILABILITY = YES_AGGRESSIVE;
				CLANG_WARN_UNREACHABLE_CODE = YES;
				CLANG_WARN__DUPLICATE_METHOD_MATCH = YES;
				COPY_PHASE_STRIP = NO;
				DEBUG_INFORMATION_FORMAT = "dwarf-with-dsym";
				ENABLE_NS_ASSERTIONS = NO;
				ENABLE_STRICT_OBJC_MSGSEND = YES;
				ENABLE_USER_SCRIPT_SANDBOXING = YES;
				GCC_C_LANGUAGE_STANDARD = gnu17;
				GCC_NO_COMMON_BLOCKS = YES;
				GCC_WARN_64_TO_32_BIT_CONVERSION = YES;
				GCC_WARN_ABOUT_RETURN_TYPE = YES_ERROR;
				GCC_WARN_UNDECLARED_SELECTOR = YES;
				GCC_WARN_UNINITIALIZED_AUTOS = YES_AGGRESSIVE;
				GCC_WARN_UNUSED_FUNCTION = YES;
				GCC_WARN_UNUSED_VARIABLE = YES;
				LOCALIZATION_PREFERS_STRING_CATALOGS = YES;
				MTL_ENABLE_DEBUG_INFO = NO;
				MTL_FAST_MATH = YES;
				SDKROOT = xros;
				SWIFT_COMPILATION_MODE = wholemodule;
				VALIDATE_PRODUCT = YES;
				XROS_DEPLOYMENT_TARGET = 1.1;
			};
			name = Release;
		};
		0B95D8F92BAE97D600906F7B /* Debug */ = {
			isa = XCBuildConfiguration;
			buildSettings = {
				ASSETCATALOG_COMPILER_APPICON_NAME = AppIcon;
				ASSETCATALOG_COMPILER_GLOBAL_ACCENT_COLOR_NAME = AccentColor;
				CODE_SIGN_STYLE = Automatic;
				CURRENT_PROJECT_VERSION = 1;
				DEVELOPMENT_ASSET_PATHS = "\"VisionOS_Spline_Volume/Preview Content\"";
				DEVELOPMENT_TEAM = A3XSATPZS9;
				ENABLE_PREVIEWS = YES;
				GENERATE_INFOPLIST_FILE = YES;
				INFOPLIST_FILE = "$(TARGET_NAME)/Info.plist";
				LD_RUNPATH_SEARCH_PATHS = (
					"$(inherited)",
					"@executable_path/Frameworks",
				);
				MARKETING_VERSION = 1.0;
				PRODUCT_BUNDLE_IDENTIFIER = "com.VisionOS-Spline-Volume";
				PRODUCT_NAME = "$(TARGET_NAME)";
				SUPPORTED_PLATFORMS = "xros xrsimulator";
				SWIFT_EMIT_LOC_STRINGS = YES;
				SWIFT_VERSION = 5.0;
				TARGETED_DEVICE_FAMILY = "1,2,7";
			};
			name = Debug;
		};
		0B95D8FA2BAE97D600906F7B /* Release */ = {
			isa = XCBuildConfiguration;
			buildSettings = {
				ASSETCATALOG_COMPILER_APPICON_NAME = AppIcon;
				ASSETCATALOG_COMPILER_GLOBAL_ACCENT_COLOR_NAME = AccentColor;
				CODE_SIGN_STYLE = Automatic;
				CURRENT_PROJECT_VERSION = 1;
				DEVELOPMENT_ASSET_PATHS = "\"VisionOS_Spline_Volume/Preview Content\"";
				DEVELOPMENT_TEAM = A3XSATPZS9;
				ENABLE_PREVIEWS = YES;
				GENERATE_INFOPLIST_FILE = YES;
				INFOPLIST_FILE = "$(TARGET_NAME)/Info.plist";
				LD_RUNPATH_SEARCH_PATHS = (
					"$(inherited)",
					"@executable_path/Frameworks",
				);
				MARKETING_VERSION = 1.0;
				PRODUCT_BUNDLE_IDENTIFIER = "com.VisionOS-Spline-Volume";
				PRODUCT_NAME = "$(TARGET_NAME)";
				SUPPORTED_PLATFORMS = "xros xrsimulator";
				SWIFT_EMIT_LOC_STRINGS = YES;
				SWIFT_VERSION = 5.0;
				TARGETED_DEVICE_FAMILY = "1,2,7";
			};
			name = Release;
		};
/* End XCBuildConfiguration section */

/* Begin XCConfigurationList section */
		0B95D8E02BAE97D500906F7B /* Build configuration list for PBXProject "VisionOS_Spline_Volume" */ = {
			isa = XCConfigurationList;
			buildConfigurations = (
				0B95D8F62BAE97D600906F7B /* Debug */,
				0B95D8F72BAE97D600906F7B /* Release */,
			);
			defaultConfigurationIsVisible = 0;
			defaultConfigurationName = Release;
		};
		0B95D8F82BAE97D600906F7B /* Build configuration list for PBXNativeTarget "VisionOS_Spline_Volume" */ = {
			isa = XCConfigurationList;
			buildConfigurations = (
				0B95D8F92BAE97D600906F7B /* Debug */,
				0B95D8FA2BAE97D600906F7B /* Release */,
			);
			defaultConfigurationIsVisible = 0;
			defaultConfigurationName = Release;
		};
/* End XCConfigurationList section */

/* Begin XCRemoteSwiftPackageReference section */
		0B95D8FB2BAE996C00906F7B /* XCRemoteSwiftPackageReference "spline-ios" */ = {
			isa = XCRemoteSwiftPackageReference;
			repositoryURL = "https://github.com/splinetool/spline-ios.git";
			requirement = {
				branch = main;
				kind = branch;
			};
		};
/* End XCRemoteSwiftPackageReference section */

/* Begin XCSwiftPackageProductDependency section */
		0B95D8EA2BAE97D500906F7B /* RealityKitContent */ = {
			isa = XCSwiftPackageProductDependency;
			productName = RealityKitContent;
		};
		0B95D8FC2BAE996C00906F7B /* SplineRuntime */ = {
			isa = XCSwiftPackageProductDependency;
			package = 0B95D8FB2BAE996C00906F7B /* XCRemoteSwiftPackageReference "spline-ios" */;
			productName = SplineRuntime;
		};
/* End XCSwiftPackageProductDependency section */
	};
	rootObject = 0B95D8DD2BAE97D500906F7B /* Project object */;
}
